{
  "name": "kernelforge",
  "version": "0.1.0",
  "lockfileVersion": 3,
  "requires": true,
  "packages": {
    "": {
      "name": "kernelforge",
      "version": "0.1.0",
      "workspaces": [
        "apps/*",
        "packages/*"
      ],
      "devDependencies": {
        "typescript": "^5.5.4"
      },
      "engines": {
        "node": ">=20"
      }
    },
    "node_modules/@kernelforge/course-content": {
      "resolved": "packages/course-content",
      "link": true
    },
    "node_modules/@kernelforge/lab-runtime": {
      "resolved": "packages/lab-runtime",
      "link": true
    },
    "node_modules/@kernelforge/ntsim-assets": {
      "resolved": "packages/ntsim-assets",
      "link": true
    },
    "node_modules/idb-keyval": {
      "version": "6.3.0",
      "resolved": "https://registry.npmjs.org/idb-keyval/-/idb-keyval-6.3.0.tgz",
      "integrity": "sha512-um+2dgAWmYsu615EXpWVwSmapJhON0G43t3Ka/EVaohzPQXSMqKEqeDK/oIW3Ow+BXaF2PvSc+oBTFp793A5Ow==",
      "license": "Apache-2.0"
    },
    "node_modules/typescript": {
      "version": "5.9.3",
      "resolved": "https://registry.npmjs.org/typescript/-/typescript-5.9.3.tgz",
      "integrity": "sha512-jl1vZzPDinLr9eUt3J/t7V6FgNEw9QjvBPdysz9KfQDD41fQrC2Y4vKQdiaUpFT4bXlb1RHhLpp8wtm6M5TgSw==",
      "dev": true,
      "license": "Apache-2.0",
      "bin": {
        "tsc": "bin/tsc",
        "tsserver": "bin/tsserver"
      },
      "engines": {
        "node": ">=14.17"
      }
    },
    "packages/course-content": {
      "name": "@kernelforge/course-content",
      "version": "0.1.0"
    },
    "packages/lab-runtime": {
      "name": "@kernelforge/lab-runtime",
      "version": "0.1.0",
      "dependencies": {
        "@kernelforge/course-content": "*",
        "idb-keyval": "^6.2.1"
      }
    },
    "packages/ntsim-assets": {
      "name": "@kernelforge/ntsim-assets",
      "version": "0.1.0"
    }
  }
}
